
Microsoft Visual Studio Solution File, Format Version 12.00
# Visual Studio Version 16
VisualStudioVersion = 16.0.30225.117
MinimumVisualStudioVersion = 10.0.40219.1
Project("{FAE04EC0-301F-11D3-BF4B-00C04F79EFBC}") = "NETCoreWPF", "NETCoreWPF\NETCoreWPF.csproj", "{13E94341-3D56-4734-80EF-0CE4E16186BB}"
EndProject
Global
	GlobalSection(SolutionConfigurationPlatforms) = preSolution
		Debug|Any CPU = Debug|Any CPU
		Release|Any CPU = Release|Any CPU
	EndGlobalSection
	GlobalSection(ProjectConfigurationPlatforms) = postSolution
		{13E94341-3D56-4734-80EF-0CE4E16186BB}.Debug|Any CPU.ActiveCfg = Debug|Any CPU
		{13E94341-3D56-4734-80EF-0CE4E16186BB}.Debug|Any CPU.Build.0 = Debug|Any CPU
		{13E94341-3D56-4734-80EF-0CE4E16186BB}.Release|Any CPU.ActiveCfg = Release|Any CPU
		{13E94341-3D56-4734-80EF-0CE4E16186BB}.Release|Any CPU.Build.0 = Release|Any CPU
	EndGlobalSection
	GlobalSection(SolutionProperties) = preSolution
		HideSolutionNode = FALSE
	EndGlobalSection
	GlobalSection(ExtensibilityGlobals) = postSolution
		SolutionGuid = {931D2FB1-42CA-4043-A65B-0386B90DA31E}
	EndGlobalSection
EndGlobal
