
Microsoft Visual Studio Solution File, Format Version 12.00
# Visual Studio Version 17
VisualStudioVersion = 17.4.33213.308
MinimumVisualStudioVersion = 10.0.40219.1
Project("{9A19103F-16F7-4668-BE54-9A1E7A4F7556}") = "NETCoreWPF", "NETCoreWPF\NETCoreWPF.csproj", "{13E94341-3D56-4734-80EF-0CE4E16186BB}"
EndProject
Project("{FAE04EC0-301F-11D3-BF4B-00C04F79EFBC}") = "FileReader", "FileReader\FileReader.csproj", "{B108EDB7-3082-48B8-96F0-885C7469DC69}"
EndProject
Global
	GlobalSection(SolutionConfigurationPlatforms) = preSolution
		Debug|Any CPU = Debug|Any CPU
		Debug|x64 = Debug|x64
		Debug|x86 = Debug|x86
		Release|Any CPU = Release|Any CPU
		Release|x64 = Release|x64
		Release|x86 = Release|x86
	EndGlobalSection
	GlobalSection(ProjectConfigurationPlatforms) = postSolution
		{13E94341-3D56-4734-80EF-0CE4E16186BB}.Debug|Any CPU.ActiveCfg = Debug|Any CPU
		{13E94341-3D56-4734-80EF-0CE4E16186BB}.Debug|Any CPU.Build.0 = Debug|Any CPU
		{13E94341-3D56-4734-80EF-0CE4E16186BB}.Debug|x64.ActiveCfg = Debug|x64
		{13E94341-3D56-4734-80EF-0CE4E16186BB}.Debug|x64.Build.0 = Debug|x64
		{13E94341-3D56-4734-80EF-0CE4E16186BB}.Debug|x86.ActiveCfg = Debug|x86
		{13E94341-3D56-4734-80EF-0CE4E16186BB}.Debug|x86.Build.0 = Debug|x86
		{13E94341-3D56-4734-80EF-0CE4E16186BB}.Release|Any CPU.ActiveCfg = Release|Any CPU
		{13E94341-3D56-4734-80EF-0CE4E16186BB}.Release|Any CPU.Build.0 = Release|Any CPU
		{13E94341-3D56-4734-80EF-0CE4E16186BB}.Release|x64.ActiveCfg = Release|x64
		{13E94341-3D56-4734-80EF-0CE4E16186BB}.Release|x64.Build.0 = Release|x64
		{13E94341-3D56-4734-80EF-0CE4E16186BB}.Release|x86.ActiveCfg = Release|x86
		{13E94341-3D56-4734-80EF-0CE4E16186BB}.Release|x86.Build.0 = Release|x86
		{B108EDB7-3082-48B8-96F0-885C7469DC69}.Debug|Any CPU.ActiveCfg = Debug|Any CPU
		{B108EDB7-3082-48B8-96F0-885C7469DC69}.Debug|Any CPU.Build.0 = Debug|Any CPU
		{B108EDB7-3082-48B8-96F0-885C7469DC69}.Debug|x64.ActiveCfg = Debug|Any CPU
		{B108EDB7-3082-48B8-96F0-885C7469DC69}.Debug|x64.Build.0 = Debug|Any CPU
		{B108EDB7-3082-48B8-96F0-885C7469DC69}.Debug|x86.ActiveCfg = Debug|Any CPU
		{B108EDB7-3082-48B8-96F0-885C7469DC69}.Debug|x86.Build.0 = Debug|Any CPU
		{B108EDB7-3082-48B8-96F0-885C7469DC69}.Release|Any CPU.ActiveCfg = Release|Any CPU
		{B108EDB7-3082-48B8-96F0-885C7469DC69}.Release|Any CPU.Build.0 = Release|Any CPU
		{B108EDB7-3082-48B8-96F0-885C7469DC69}.Release|x64.ActiveCfg = Release|Any CPU
		{B108EDB7-3082-48B8-96F0-885C7469DC69}.Release|x64.Build.0 = Release|Any CPU
		{B108EDB7-3082-48B8-96F0-885C7469DC69}.Release|x86.ActiveCfg = Release|Any CPU
		{B108EDB7-3082-48B8-96F0-885C7469DC69}.Release|x86.Build.0 = Release|Any CPU
	EndGlobalSection
	GlobalSection(SolutionProperties) = preSolution
		HideSolutionNode = FALSE
	EndGlobalSection
	GlobalSection(ExtensibilityGlobals) = postSolution
		SolutionGuid = {931D2FB1-42CA-4043-A65B-0386B90DA31E}
	EndGlobalSection
EndGlobal
