
Microsoft Visual Studio Solution File, Format Version 12.00
# Visual Studio Version 17
VisualStudioVersion = 17.4.33213.308
MinimumVisualStudioVersion = 10.0.40219.1
Project("{9A19103F-16F7-4668-BE54-9A1E7A4F7556}") = "PFDB", "PFDB\PFDB.csproj", "{83E6E9CC-4053-423E-BF5F-1A7CEA4469D0}"
	ProjectSection(ProjectDependencies) = postProject
		{03C90C4A-CFA9-4E53-A52E-FAB113C4CA0E} = {03C90C4A-CFA9-4E53-A52E-FAB113C4CA0E}
		{483F4004-782D-4CBD-871F-3595FBC180B8} = {483F4004-782D-4CBD-871F-3595FBC180B8}
	EndProjectSection
EndProject
Project("{9A19103F-16F7-4668-BE54-9A1E7A4F7556}") = "FileReader", "FileReader\FileReader.csproj", "{483F4004-782D-4CBD-871F-3595FBC180B8}"
	ProjectSection(ProjectDependencies) = postProject
		{03C90C4A-CFA9-4E53-A52E-FAB113C4CA0E} = {03C90C4A-CFA9-4E53-A52E-FAB113C4CA0E}
	EndProjectSection
EndProject
Project("{8BC9CEB8-8B4A-11D0-8D11-00A0C91BC942}") = "DatabaseFunctions", "DatabaseFunctions\DatabaseFunctions.vcxproj", "{01905AA5-FF09-44DF-B2E9-43AE09F9556F}"
EndProject
Project("{9A19103F-16F7-4668-BE54-9A1E7A4F7556}") = "DatabaseUpdaterAPI", "DatabaseUpdaterAPI\DatabaseUpdaterAPI.csproj", "{42048BC5-7A74-4318-B355-D36B12EF4C33}"
EndProject
Project("{9A19103F-16F7-4668-BE54-9A1E7A4F7556}") = "WeaponClasses", "WeaponClasses\WeaponClasses.csproj", "{03C90C4A-CFA9-4E53-A52E-FAB113C4CA0E}"
EndProject
Project("{888888A0-9F3D-457C-B088-3A5042F75D52}") = "ImageParser", "ImageParser\ImageParser.pyproj", "{7E00D9F2-98F9-4269-A5F1-1092300D4421}"
EndProject
Global
	GlobalSection(SolutionConfigurationPlatforms) = preSolution
		Debug|Any CPU = Debug|Any CPU
		Debug|x64 = Debug|x64
		Debug|x86 = Debug|x86
		Release|Any CPU = Release|Any CPU
		Release|x64 = Release|x64
		Release|x86 = Release|x86
	EndGlobalSection
	GlobalSection(ProjectConfigurationPlatforms) = postSolution
		{83E6E9CC-4053-423E-BF5F-1A7CEA4469D0}.Debug|Any CPU.ActiveCfg = Debug|Any CPU
		{83E6E9CC-4053-423E-BF5F-1A7CEA4469D0}.Debug|Any CPU.Build.0 = Debug|Any CPU
		{83E6E9CC-4053-423E-BF5F-1A7CEA4469D0}.Debug|x64.ActiveCfg = Debug|x64
		{83E6E9CC-4053-423E-BF5F-1A7CEA4469D0}.Debug|x64.Build.0 = Debug|x64
		{83E6E9CC-4053-423E-BF5F-1A7CEA4469D0}.Debug|x86.ActiveCfg = Debug|x86
		{83E6E9CC-4053-423E-BF5F-1A7CEA4469D0}.Debug|x86.Build.0 = Debug|x86
		{83E6E9CC-4053-423E-BF5F-1A7CEA4469D0}.Release|Any CPU.ActiveCfg = Release|Any CPU
		{83E6E9CC-4053-423E-BF5F-1A7CEA4469D0}.Release|Any CPU.Build.0 = Release|Any CPU
		{83E6E9CC-4053-423E-BF5F-1A7CEA4469D0}.Release|x64.ActiveCfg = Release|x64
		{83E6E9CC-4053-423E-BF5F-1A7CEA4469D0}.Release|x64.Build.0 = Release|x64
		{83E6E9CC-4053-423E-BF5F-1A7CEA4469D0}.Release|x86.ActiveCfg = Release|x86
		{83E6E9CC-4053-423E-BF5F-1A7CEA4469D0}.Release|x86.Build.0 = Release|x86
		{483F4004-782D-4CBD-871F-3595FBC180B8}.Debug|Any CPU.ActiveCfg = Debug|Any CPU
		{483F4004-782D-4CBD-871F-3595FBC180B8}.Debug|Any CPU.Build.0 = Debug|Any CPU
		{483F4004-782D-4CBD-871F-3595FBC180B8}.Debug|x64.ActiveCfg = Debug|Any CPU
		{483F4004-782D-4CBD-871F-3595FBC180B8}.Debug|x64.Build.0 = Debug|Any CPU
		{483F4004-782D-4CBD-871F-3595FBC180B8}.Debug|x86.ActiveCfg = Debug|Any CPU
		{483F4004-782D-4CBD-871F-3595FBC180B8}.Debug|x86.Build.0 = Debug|Any CPU
		{483F4004-782D-4CBD-871F-3595FBC180B8}.Release|Any CPU.ActiveCfg = Release|Any CPU
		{483F4004-782D-4CBD-871F-3595FBC180B8}.Release|Any CPU.Build.0 = Release|Any CPU
		{483F4004-782D-4CBD-871F-3595FBC180B8}.Release|x64.ActiveCfg = Release|Any CPU
		{483F4004-782D-4CBD-871F-3595FBC180B8}.Release|x64.Build.0 = Release|Any CPU
		{483F4004-782D-4CBD-871F-3595FBC180B8}.Release|x86.ActiveCfg = Release|Any CPU
		{483F4004-782D-4CBD-871F-3595FBC180B8}.Release|x86.Build.0 = Release|Any CPU
		{01905AA5-FF09-44DF-B2E9-43AE09F9556F}.Debug|Any CPU.ActiveCfg = Debug|x64
		{01905AA5-FF09-44DF-B2E9-43AE09F9556F}.Debug|Any CPU.Build.0 = Debug|x64
		{01905AA5-FF09-44DF-B2E9-43AE09F9556F}.Debug|x64.ActiveCfg = Debug|x64
		{01905AA5-FF09-44DF-B2E9-43AE09F9556F}.Debug|x64.Build.0 = Debug|x64
		{01905AA5-FF09-44DF-B2E9-43AE09F9556F}.Debug|x86.ActiveCfg = Debug|Win32
		{01905AA5-FF09-44DF-B2E9-43AE09F9556F}.Debug|x86.Build.0 = Debug|Win32
		{01905AA5-FF09-44DF-B2E9-43AE09F9556F}.Release|Any CPU.ActiveCfg = Release|x64
		{01905AA5-FF09-44DF-B2E9-43AE09F9556F}.Release|Any CPU.Build.0 = Release|x64
		{01905AA5-FF09-44DF-B2E9-43AE09F9556F}.Release|x64.ActiveCfg = Release|x64
		{01905AA5-FF09-44DF-B2E9-43AE09F9556F}.Release|x64.Build.0 = Release|x64
		{01905AA5-FF09-44DF-B2E9-43AE09F9556F}.Release|x86.ActiveCfg = Release|Win32
		{01905AA5-FF09-44DF-B2E9-43AE09F9556F}.Release|x86.Build.0 = Release|Win32
		{42048BC5-7A74-4318-B355-D36B12EF4C33}.Debug|Any CPU.ActiveCfg = Debug|Any CPU
		{42048BC5-7A74-4318-B355-D36B12EF4C33}.Debug|Any CPU.Build.0 = Debug|Any CPU
		{42048BC5-7A74-4318-B355-D36B12EF4C33}.Debug|x64.ActiveCfg = Debug|Any CPU
		{42048BC5-7A74-4318-B355-D36B12EF4C33}.Debug|x64.Build.0 = Debug|Any CPU
		{42048BC5-7A74-4318-B355-D36B12EF4C33}.Debug|x86.ActiveCfg = Debug|Any CPU
		{42048BC5-7A74-4318-B355-D36B12EF4C33}.Debug|x86.Build.0 = Debug|Any CPU
		{42048BC5-7A74-4318-B355-D36B12EF4C33}.Release|Any CPU.ActiveCfg = Release|Any CPU
		{42048BC5-7A74-4318-B355-D36B12EF4C33}.Release|Any CPU.Build.0 = Release|Any CPU
		{42048BC5-7A74-4318-B355-D36B12EF4C33}.Release|x64.ActiveCfg = Release|Any CPU
		{42048BC5-7A74-4318-B355-D36B12EF4C33}.Release|x64.Build.0 = Release|Any CPU
		{42048BC5-7A74-4318-B355-D36B12EF4C33}.Release|x86.ActiveCfg = Release|Any CPU
		{42048BC5-7A74-4318-B355-D36B12EF4C33}.Release|x86.Build.0 = Release|Any CPU
		{03C90C4A-CFA9-4E53-A52E-FAB113C4CA0E}.Debug|Any CPU.ActiveCfg = Debug|Any CPU
		{03C90C4A-CFA9-4E53-A52E-FAB113C4CA0E}.Debug|Any CPU.Build.0 = Debug|Any CPU
		{03C90C4A-CFA9-4E53-A52E-FAB113C4CA0E}.Debug|x64.ActiveCfg = Debug|Any CPU
		{03C90C4A-CFA9-4E53-A52E-FAB113C4CA0E}.Debug|x64.Build.0 = Debug|Any CPU
		{03C90C4A-CFA9-4E53-A52E-FAB113C4CA0E}.Debug|x86.ActiveCfg = Debug|Any CPU
		{03C90C4A-CFA9-4E53-A52E-FAB113C4CA0E}.Debug|x86.Build.0 = Debug|Any CPU
		{03C90C4A-CFA9-4E53-A52E-FAB113C4CA0E}.Release|Any CPU.ActiveCfg = Release|Any CPU
		{03C90C4A-CFA9-4E53-A52E-FAB113C4CA0E}.Release|Any CPU.Build.0 = Release|Any CPU
		{03C90C4A-CFA9-4E53-A52E-FAB113C4CA0E}.Release|x64.ActiveCfg = Release|Any CPU
		{03C90C4A-CFA9-4E53-A52E-FAB113C4CA0E}.Release|x64.Build.0 = Release|Any CPU
		{03C90C4A-CFA9-4E53-A52E-FAB113C4CA0E}.Release|x86.ActiveCfg = Release|Any CPU
		{03C90C4A-CFA9-4E53-A52E-FAB113C4CA0E}.Release|x86.Build.0 = Release|Any CPU
		{7E00D9F2-98F9-4269-A5F1-1092300D4421}.Debug|Any CPU.ActiveCfg = Debug|Any CPU
		{7E00D9F2-98F9-4269-A5F1-1092300D4421}.Debug|x64.ActiveCfg = Debug|Any CPU
		{7E00D9F2-98F9-4269-A5F1-1092300D4421}.Debug|x86.ActiveCfg = Debug|Any CPU
		{7E00D9F2-98F9-4269-A5F1-1092300D4421}.Release|Any CPU.ActiveCfg = Release|Any CPU
		{7E00D9F2-98F9-4269-A5F1-1092300D4421}.Release|x64.ActiveCfg = Release|Any CPU
		{7E00D9F2-98F9-4269-A5F1-1092300D4421}.Release|x86.ActiveCfg = Release|Any CPU
	EndGlobalSection
	GlobalSection(SolutionProperties) = preSolution
		HideSolutionNode = FALSE
	EndGlobalSection
	GlobalSection(ExtensibilityGlobals) = postSolution
		SolutionGuid = {A994C5FA-0BE0-4691-BD10-A0FB7888A0DA}
	EndGlobalSection
EndGlobal
